// !$*UTF8*$!
{
	archiveVersion = 1;
	classes = {
	};
	objectVersion = 50;
	objects = {

/* Begin PBXBuildFile section */
		084A5D6F20A9545300BA233F /* PlayerViewController.swift in Sources */ = {isa = PBXBuildFile; fileRef = 084A5D6E20A9545300BA233F /* PlayerViewController.swift */; };
		084A5D7420AAB9F900BA233F /* camera_start.mp3 in Resources */ = {isa = PBXBuildFile; fileRef = 084A5D7320AAB9F900BA233F /* camera_start.mp3 */; };
		084A5D7620AABA0200BA233F /* camera_end.mp3 in Resources */ = {isa = PBXBuildFile; fileRef = 084A5D7520AABA0200BA233F /* camera_end.mp3 */; };
		084A5D7820AABA0A00BA233F /* camera_end.wav in Resources */ = {isa = PBXBuildFile; fileRef = 084A5D7720AABA0A00BA233F /* camera_end.wav */; };
		084A5D7A20AABA1100BA233F /* camera_start.wav in Resources */ = {isa = PBXBuildFile; fileRef = 084A5D7920AABA1100BA233F /* camera_start.wav */; };
		084A5D7C20AB14F400BA233F /* CustomTableViewCell.swift in Sources */ = {isa = PBXBuildFile; fileRef = 084A5D7B20AB14F400BA233F /* CustomTableViewCell.swift */; };
		0894234920AB497A00C8CD16 /* String+Extension.swift in Sources */ = {isa = PBXBuildFile; fileRef = 0894234820AB497900C8CD16 /* String+Extension.swift */; };
		0894234B20ABDCAA00C8CD16 /* CustomTableViewCell+Protocol.swift in Sources */ = {isa = PBXBuildFile; fileRef = 0894234A20ABDCAA00C8CD16 /* CustomTableViewCell+Protocol.swift */; };
		08B3408420AC48BE008D0DE6 /* UploadedVideoViewController.swift in Sources */ = {isa = PBXBuildFile; fileRef = 08B3408320AC48BE008D0DE6 /* UploadedVideoViewController.swift */; };
		08B3408620AC5BA0008D0DE6 /* UploadedTableViewCell.swift in Sources */ = {isa = PBXBuildFile; fileRef = 08B3408520AC5BA0008D0DE6 /* UploadedTableViewCell.swift */; };
		08C4E28F20A4D67E006F42FC /* MenuCell.swift in Sources */ = {isa = PBXBuildFile; fileRef = 08C4E28E20A4D67E006F42FC /* MenuCell.swift */; };
		08C4E29120A51F96006F42FC /* UIColorExtension.swift in Sources */ = {isa = PBXBuildFile; fileRef = 08C4E29020A51F96006F42FC /* UIColorExtension.swift */; };
		08C5A1E920A096500040A2A9 /* AppDelegate.swift in Sources */ = {isa = PBXBuildFile; fileRef = 08C5A1E820A096500040A2A9 /* AppDelegate.swift */; };
		08C5A1EE20A096500040A2A9 /* Main.storyboard in Resources */ = {isa = PBXBuildFile; fileRef = 08C5A1EC20A096500040A2A9 /* Main.storyboard */; };
		08C5A1F020A096520040A2A9 /* Assets.xcassets in Resources */ = {isa = PBXBuildFile; fileRef = 08C5A1EF20A096520040A2A9 /* Assets.xcassets */; };
		08C5A1F320A096520040A2A9 /* LaunchScreen.storyboard in Resources */ = {isa = PBXBuildFile; fileRef = 08C5A1F120A096520040A2A9 /* LaunchScreen.storyboard */; };
		08C5A1FD20A0971B0040A2A9 /* LogInViewController.swift in Sources */ = {isa = PBXBuildFile; fileRef = 08C5A1FC20A0971B0040A2A9 /* LogInViewController.swift */; };
		08C5A1FF20A097290040A2A9 /* PasscodeViewController.swift in Sources */ = {isa = PBXBuildFile; fileRef = 08C5A1FE20A097290040A2A9 /* PasscodeViewController.swift */; };
		08C5A20120A097340040A2A9 /* MainViewController.swift in Sources */ = {isa = PBXBuildFile; fileRef = 08C5A20020A097340040A2A9 /* MainViewController.swift */; };
		08C5A20420A09DE50040A2A9 /* UIViewController+Extension.swift in Sources */ = {isa = PBXBuildFile; fileRef = 08C5A20320A09DE50040A2A9 /* UIViewController+Extension.swift */; };
		08C5A20620A09E820040A2A9 /* Constants.swift in Sources */ = {isa = PBXBuildFile; fileRef = 08C5A20520A09E820040A2A9 /* Constants.swift */; };
		08C5A22620A1BA550040A2A9 /* CoreLocation.framework in Frameworks */ = {isa = PBXBuildFile; fileRef = 08C5A22520A1BA550040A2A9 /* CoreLocation.framework */; };
		08C5A22820A21C250040A2A9 /* MenuViewController.swift in Sources */ = {isa = PBXBuildFile; fileRef = 08C5A22720A21C250040A2A9 /* MenuViewController.swift */; };
		7C3A1BA7C3AAE7EEDECC7935 /* Pods_CameraVideo.framework in Frameworks */ = {isa = PBXBuildFile; fileRef = 8F8BE82B9F5D768E5D8C6821 /* Pods_CameraVideo.framework */; };
/* End PBXBuildFile section */

/* Begin PBXFileReference section */
		084A5D6E20A9545300BA233F /* PlayerViewController.swift */ = {isa = PBXFileReference; lastKnownFileType = sourcecode.swift; path = PlayerViewController.swift; sourceTree = "<group>"; };
		084A5D7320AAB9F900BA233F /* camera_start.mp3 */ = {isa = PBXFileReference; lastKnownFileType = audio.mp3; path = camera_start.mp3; sourceTree = "<group>"; };
		084A5D7520AABA0200BA233F /* camera_end.mp3 */ = {isa = PBXFileReference; lastKnownFileType = audio.mp3; path = camera_end.mp3; sourceTree = "<group>"; };
		084A5D7720AABA0A00BA233F /* camera_end.wav */ = {isa = PBXFileReference; lastKnownFileType = audio.wav; path = camera_end.wav; sourceTree = "<group>"; };
		084A5D7920AABA1100BA233F /* camera_start.wav */ = {isa = PBXFileReference; lastKnownFileType = audio.wav; path = camera_start.wav; sourceTree = "<group>"; };
		084A5D7B20AB14F400BA233F /* CustomTableViewCell.swift */ = {isa = PBXFileReference; lastKnownFileType = sourcecode.swift; path = CustomTableViewCell.swift; sourceTree = "<group>"; };
		0894234820AB497900C8CD16 /* String+Extension.swift */ = {isa = PBXFileReference; lastKnownFileType = sourcecode.swift; path = "String+Extension.swift"; sourceTree = "<group>"; };
		0894234A20ABDCAA00C8CD16 /* CustomTableViewCell+Protocol.swift */ = {isa = PBXFileReference; lastKnownFileType = sourcecode.swift; path = "CustomTableViewCell+Protocol.swift"; sourceTree = "<group>"; };
		08B3408320AC48BE008D0DE6 /* UploadedVideoViewController.swift */ = {isa = PBXFileReference; lastKnownFileType = sourcecode.swift; path = UploadedVideoViewController.swift; sourceTree = "<group>"; };
		08B3408520AC5BA0008D0DE6 /* UploadedTableViewCell.swift */ = {isa = PBXFileReference; lastKnownFileType = sourcecode.swift; path = UploadedTableViewCell.swift; sourceTree = "<group>"; };
		08C4E28E20A4D67E006F42FC /* MenuCell.swift */ = {isa = PBXFileReference; lastKnownFileType = sourcecode.swift; path = MenuCell.swift; sourceTree = "<group>"; };
		08C4E29020A51F96006F42FC /* UIColorExtension.swift */ = {isa = PBXFileReference; lastKnownFileType = sourcecode.swift; path = UIColorExtension.swift; sourceTree = "<group>"; };
		08C5A1E520A096500040A2A9 /* CameraVideo.app */ = {isa = PBXFileReference; explicitFileType = wrapper.application; includeInIndex = 0; path = CameraVideo.app; sourceTree = BUILT_PRODUCTS_DIR; };
		08C5A1E820A096500040A2A9 /* AppDelegate.swift */ = {isa = PBXFileReference; lastKnownFileType = sourcecode.swift; path = AppDelegate.swift; sourceTree = "<group>"; };
		08C5A1ED20A096500040A2A9 /* Base */ = {isa = PBXFileReference; lastKnownFileType = file.storyboard; name = Base; path = Base.lproj/Main.storyboard; sourceTree = "<group>"; };
		08C5A1EF20A096520040A2A9 /* Assets.xcassets */ = {isa = PBXFileReference; lastKnownFileType = folder.assetcatalog; path = Assets.xcassets; sourceTree = "<group>"; };
		08C5A1F220A096520040A2A9 /* Base */ = {isa = PBXFileReference; lastKnownFileType = file.storyboard; name = Base; path = Base.lproj/LaunchScreen.storyboard; sourceTree = "<group>"; };
		08C5A1F420A096520040A2A9 /* Info.plist */ = {isa = PBXFileReference; lastKnownFileType = text.plist.xml; path = Info.plist; sourceTree = "<group>"; };
		08C5A1FC20A0971B0040A2A9 /* LogInViewController.swift */ = {isa = PBXFileReference; lastKnownFileType = sourcecode.swift; path = LogInViewController.swift; sourceTree = "<group>"; };
		08C5A1FE20A097290040A2A9 /* PasscodeViewController.swift */ = {isa = PBXFileReference; lastKnownFileType = sourcecode.swift; path = PasscodeViewController.swift; sourceTree = "<group>"; };
		08C5A20020A097340040A2A9 /* MainViewController.swift */ = {isa = PBXFileReference; lastKnownFileType = sourcecode.swift; path = MainViewController.swift; sourceTree = "<group>"; };
		08C5A20320A09DE50040A2A9 /* UIViewController+Extension.swift */ = {isa = PBXFileReference; lastKnownFileType = sourcecode.swift; path = "UIViewController+Extension.swift"; sourceTree = "<group>"; };
		08C5A20520A09E820040A2A9 /* Constants.swift */ = {isa = PBXFileReference; lastKnownFileType = sourcecode.swift; path = Constants.swift; sourceTree = "<group>"; };
		08C5A22520A1BA550040A2A9 /* CoreLocation.framework */ = {isa = PBXFileReference; lastKnownFileType = wrapper.framework; name = CoreLocation.framework; path = System/Library/Frameworks/CoreLocation.framework; sourceTree = SDKROOT; };
		08C5A22720A21C250040A2A9 /* MenuViewController.swift */ = {isa = PBXFileReference; lastKnownFileType = sourcecode.swift; path = MenuViewController.swift; sourceTree = "<group>"; };
		21963C7B08525C6C8DA1A56B /* Pods-CameraVideo.release.xcconfig */ = {isa = PBXFileReference; includeInIndex = 1; lastKnownFileType = text.xcconfig; name = "Pods-CameraVideo.release.xcconfig"; path = "Pods/Target Support Files/Pods-CameraVideo/Pods-CameraVideo.release.xcconfig"; sourceTree = "<group>"; };
		80A6E811AC26834CD3C4F7CD /* Pods-CameraVideo.debug.xcconfig */ = {isa = PBXFileReference; includeInIndex = 1; lastKnownFileType = text.xcconfig; name = "Pods-CameraVideo.debug.xcconfig"; path = "Pods/Target Support Files/Pods-CameraVideo/Pods-CameraVideo.debug.xcconfig"; sourceTree = "<group>"; };
		8F8BE82B9F5D768E5D8C6821 /* Pods_CameraVideo.framework */ = {isa = PBXFileReference; explicitFileType = wrapper.framework; includeInIndex = 0; path = Pods_CameraVideo.framework; sourceTree = BUILT_PRODUCTS_DIR; };
/* End PBXFileReference section */

/* Begin PBXFrameworksBuildPhase section */
		08C5A1E220A096500040A2A9 /* Frameworks */ = {
			isa = PBXFrameworksBuildPhase;
			buildActionMask = 2147483647;
			files = (
				08C5A22620A1BA550040A2A9 /* CoreLocation.framework in Frameworks */,
				7C3A1BA7C3AAE7EEDECC7935 /* Pods_CameraVideo.framework in Frameworks */,
			);
			runOnlyForDeploymentPostprocessing = 0;
		};
/* End PBXFrameworksBuildPhase section */

/* Begin PBXGroup section */
		084A5D7220AAB9E500BA233F /* Sound */ = {
			isa = PBXGroup;
			children = (
				084A5D7920AABA1100BA233F /* camera_start.wav */,
				084A5D7720AABA0A00BA233F /* camera_end.wav */,
				084A5D7520AABA0200BA233F /* camera_end.mp3 */,
				084A5D7320AAB9F900BA233F /* camera_start.mp3 */,
			);
			path = Sound;
			sourceTree = "<group>";
		};
		08C4E28D20A4D64E006F42FC /* Custom */ = {
			isa = PBXGroup;
			children = (
				08C4E28E20A4D67E006F42FC /* MenuCell.swift */,
				08C4E29020A51F96006F42FC /* UIColorExtension.swift */,
				084A5D7B20AB14F400BA233F /* CustomTableViewCell.swift */,
				08B3408520AC5BA0008D0DE6 /* UploadedTableViewCell.swift */,
			);
			path = Custom;
			sourceTree = "<group>";
		};
		08C5A1DC20A096500040A2A9 = {
			isa = PBXGroup;
			children = (
				08C5A1E720A096500040A2A9 /* CameraVideo */,
				08C5A1E620A096500040A2A9 /* Products */,
				7C0F05BED1A42F43AABBF0CF /* Pods */,
				82A822260C66036B3AD8F480 /* Frameworks */,
			);
			sourceTree = "<group>";
		};
		08C5A1E620A096500040A2A9 /* Products */ = {
			isa = PBXGroup;
			children = (
				08C5A1E520A096500040A2A9 /* CameraVideo.app */,
			);
			name = Products;
			sourceTree = "<group>";
		};
		08C5A1E720A096500040A2A9 /* CameraVideo */ = {
			isa = PBXGroup;
			children = (
				084A5D7220AAB9E500BA233F /* Sound */,
				08C4E28D20A4D64E006F42FC /* Custom */,
				08C5A20220A09DBC0040A2A9 /* Extensions */,
				08C5A1FB20A096F50040A2A9 /* Delegates */,
				08C5A1FA20A096DD0040A2A9 /* ViewControllers */,
				08C5A1EC20A096500040A2A9 /* Main.storyboard */,
				08C5A1EF20A096520040A2A9 /* Assets.xcassets */,
				08C5A1F120A096520040A2A9 /* LaunchScreen.storyboard */,
				08C5A1F420A096520040A2A9 /* Info.plist */,
			);
			path = CameraVideo;
			sourceTree = "<group>";
		};
		08C5A1FA20A096DD0040A2A9 /* ViewControllers */ = {
			isa = PBXGroup;
			children = (
				08C5A1FC20A0971B0040A2A9 /* LogInViewController.swift */,
				08C5A1FE20A097290040A2A9 /* PasscodeViewController.swift */,
				08C5A20020A097340040A2A9 /* MainViewController.swift */,
				08C5A22720A21C250040A2A9 /* MenuViewController.swift */,
				084A5D6E20A9545300BA233F /* PlayerViewController.swift */,
				08B3408320AC48BE008D0DE6 /* UploadedVideoViewController.swift */,
			);
			path = ViewControllers;
			sourceTree = "<group>";
		};
		08C5A1FB20A096F50040A2A9 /* Delegates */ = {
			isa = PBXGroup;
			children = (
				08C5A1E820A096500040A2A9 /* AppDelegate.swift */,
			);
			path = Delegates;
			sourceTree = "<group>";
		};
		08C5A20220A09DBC0040A2A9 /* Extensions */ = {
			isa = PBXGroup;
			children = (
				08C5A20320A09DE50040A2A9 /* UIViewController+Extension.swift */,
				08C5A20520A09E820040A2A9 /* Constants.swift */,
				0894234820AB497900C8CD16 /* String+Extension.swift */,
				0894234A20ABDCAA00C8CD16 /* CustomTableViewCell+Protocol.swift */,
			);
			path = Extensions;
			sourceTree = "<group>";
		};
		7C0F05BED1A42F43AABBF0CF /* Pods */ = {
			isa = PBXGroup;
			children = (
				80A6E811AC26834CD3C4F7CD /* Pods-CameraVideo.debug.xcconfig */,
				21963C7B08525C6C8DA1A56B /* Pods-CameraVideo.release.xcconfig */,
			);
			name = Pods;
			sourceTree = "<group>";
		};
		82A822260C66036B3AD8F480 /* Frameworks */ = {
			isa = PBXGroup;
			children = (
				08C5A22520A1BA550040A2A9 /* CoreLocation.framework */,
				8F8BE82B9F5D768E5D8C6821 /* Pods_CameraVideo.framework */,
			);
			name = Frameworks;
			sourceTree = "<group>";
		};
/* End PBXGroup section */

/* Begin PBXNativeTarget section */
		08C5A1E420A096500040A2A9 /* CameraVideo */ = {
			isa = PBXNativeTarget;
			buildConfigurationList = 08C5A1F720A096520040A2A9 /* Build configuration list for PBXNativeTarget "CameraVideo" */;
			buildPhases = (
				15AEF99ED8C381B50FE1604B /* [CP] Check Pods Manifest.lock */,
				08C5A1E120A096500040A2A9 /* Sources */,
				08C5A1E220A096500040A2A9 /* Frameworks */,
				08C5A1E320A096500040A2A9 /* Resources */,
				5FDEBD0ACF9AAD1C3E5498B9 /* [CP] Embed Pods Frameworks */,
			);
			buildRules = (
			);
			dependencies = (
			);
			name = CameraVideo;
			productName = CameraVideo;
			productReference = 08C5A1E520A096500040A2A9 /* CameraVideo.app */;
			productType = "com.apple.product-type.application";
		};
/* End PBXNativeTarget section */

/* Begin PBXProject section */
		08C5A1DD20A096500040A2A9 /* Project object */ = {
			isa = PBXProject;
			attributes = {
				LastSwiftUpdateCheck = 0930;
				LastUpgradeCheck = 0930;
				ORGANIZATIONNAME = upwork;
				TargetAttributes = {
					08C5A1E420A096500040A2A9 = {
						CreatedOnToolsVersion = 9.3;
					};
				};
			};
			buildConfigurationList = 08C5A1E020A096500040A2A9 /* Build configuration list for PBXProject "CameraVideo" */;
			compatibilityVersion = "Xcode 9.3";
			developmentRegion = en;
			hasScannedForEncodings = 0;
			knownRegions = (
				en,
				Base,
			);
			mainGroup = 08C5A1DC20A096500040A2A9;
			productRefGroup = 08C5A1E620A096500040A2A9 /* Products */;
			projectDirPath = "";
			projectRoot = "";
			targets = (
				08C5A1E420A096500040A2A9 /* CameraVideo */,
			);
		};
/* End PBXProject section */

/* Begin PBXResourcesBuildPhase section */
		08C5A1E320A096500040A2A9 /* Resources */ = {
			isa = PBXResourcesBuildPhase;
			buildActionMask = 2147483647;
			files = (
				084A5D7420AAB9F900BA233F /* camera_start.mp3 in Resources */,
				08C5A1F320A096520040A2A9 /* LaunchScreen.storyboard in Resources */,
				084A5D7A20AABA1100BA233F /* camera_start.wav in Resources */,
				08C5A1F020A096520040A2A9 /* Assets.xcassets in Resources */,
				08C5A1EE20A096500040A2A9 /* Main.storyboard in Resources */,
				084A5D7620AABA0200BA233F /* camera_end.mp3 in Resources */,
				084A5D7820AABA0A00BA233F /* camera_end.wav in Resources */,
			);
			runOnlyForDeploymentPostprocessing = 0;
		};
/* End PBXResourcesBuildPhase section */

/* Begin PBXShellScriptBuildPhase section */
		15AEF99ED8C381B50FE1604B /* [CP] Check Pods Manifest.lock */ = {
			isa = PBXShellScriptBuildPhase;
			buildActionMask = 2147483647;
			files = (
			);
			inputPaths = (
				"${PODS_PODFILE_DIR_PATH}/Podfile.lock",
				"${PODS_ROOT}/Manifest.lock",
			);
			name = "[CP] Check Pods Manifest.lock";
			outputPaths = (
				"$(DERIVED_FILE_DIR)/Pods-CameraVideo-checkManifestLockResult.txt",
			);
			runOnlyForDeploymentPostprocessing = 0;
			shellPath = /bin/sh;
			shellScript = "diff \"${PODS_PODFILE_DIR_PATH}/Podfile.lock\" \"${PODS_ROOT}/Manifest.lock\" > /dev/null\nif [ $? != 0 ] ; then\n    # print error to STDERR\n    echo \"error: The sandbox is not in sync with the Podfile.lock. Run 'pod install' or update your CocoaPods installation.\" >&2\n    exit 1\nfi\n# This output is used by Xcode 'outputs' to avoid re-running this script phase.\necho \"SUCCESS\" > \"${SCRIPT_OUTPUT_FILE_0}\"\n";
			showEnvVarsInLog = 0;
		};
		5FDEBD0ACF9AAD1C3E5498B9 /* [CP] Embed Pods Frameworks */ = {
			isa = PBXShellScriptBuildPhase;
			buildActionMask = 2147483647;
			files = (
			);
			inputPaths = (
				"${SRCROOT}/Pods/Target Support Files/Pods-CameraVideo/Pods-CameraVideo-frameworks.sh",
				"${BUILT_PRODUCTS_DIR}/Alamofire/Alamofire.framework",
				"${BUILT_PRODUCTS_DIR}/Gradientable/Gradientable.framework",
				"${BUILT_PRODUCTS_DIR}/IQKeyboardManagerSwift/IQKeyboardManagerSwift.framework",
				"${BUILT_PRODUCTS_DIR}/KYDrawerController/KYDrawerController.framework",
				"${BUILT_PRODUCTS_DIR}/MBProgressHUD/MBProgressHUD.framework",
				"${BUILT_PRODUCTS_DIR}/SmileLock/SmileLock.framework",
			);
			name = "[CP] Embed Pods Frameworks";
			outputPaths = (
				"${TARGET_BUILD_DIR}/${FRAMEWORKS_FOLDER_PATH}/Alamofire.framework",
				"${TARGET_BUILD_DIR}/${FRAMEWORKS_FOLDER_PATH}/Gradientable.framework",
				"${TARGET_BUILD_DIR}/${FRAMEWORKS_FOLDER_PATH}/IQKeyboardManagerSwift.framework",
				"${TARGET_BUILD_DIR}/${FRAMEWORKS_FOLDER_PATH}/KYDrawerController.framework",
				"${TARGET_BUILD_DIR}/${FRAMEWORKS_FOLDER_PATH}/MBProgressHUD.framework",
				"${TARGET_BUILD_DIR}/${FRAMEWORKS_FOLDER_PATH}/SmileLock.framework",
			);
			runOnlyForDeploymentPostprocessing = 0;
			shellPath = /bin/sh;
			shellScript = "\"${SRCROOT}/Pods/Target Support Files/Pods-CameraVideo/Pods-CameraVideo-frameworks.sh\"\n";
			showEnvVarsInLog = 0;
		};
/* End PBXShellScriptBuildPhase section */

/* Begin PBXSourcesBuildPhase section */
		08C5A1E120A096500040A2A9 /* Sources */ = {
			isa = PBXSourcesBuildPhase;
			buildActionMask = 2147483647;
			files = (
				08B3408420AC48BE008D0DE6 /* UploadedVideoViewController.swift in Sources */,
				08C5A1FD20A0971B0040A2A9 /* LogInViewController.swift in Sources */,
				08B3408620AC5BA0008D0DE6 /* UploadedTableViewCell.swift in Sources */,
				08C5A20620A09E820040A2A9 /* Constants.swift in Sources */,
				084A5D7C20AB14F400BA233F /* CustomTableViewCell.swift in Sources */,
				08C5A1FF20A097290040A2A9 /* PasscodeViewController.swift in Sources */,
				0894234920AB497A00C8CD16 /* String+Extension.swift in Sources */,
				08C5A22820A21C250040A2A9 /* MenuViewController.swift in Sources */,
				08C5A1E920A096500040A2A9 /* AppDelegate.swift in Sources */,
				08C4E29120A51F96006F42FC /* UIColorExtension.swift in Sources */,
				08C5A20420A09DE50040A2A9 /* UIViewController+Extension.swift in Sources */,
				0894234B20ABDCAA00C8CD16 /* CustomTableViewCell+Protocol.swift in Sources */,
				08C4E28F20A4D67E006F42FC /* MenuCell.swift in Sources */,
				08C5A20120A097340040A2A9 /* MainViewController.swift in Sources */,
				084A5D6F20A9545300BA233F /* PlayerViewController.swift in Sources */,
			);
			runOnlyForDeploymentPostprocessing = 0;
		};
/* End PBXSourcesBuildPhase section */

/* Begin PBXVariantGroup section */
		08C5A1EC20A096500040A2A9 /* Main.storyboard */ = {
			isa = PBXVariantGroup;
			children = (
				08C5A1ED20A096500040A2A9 /* Base */,
			);
			name = Main.storyboard;
			sourceTree = "<group>";
		};
		08C5A1F120A096520040A2A9 /* LaunchScreen.storyboard */ = {
			isa = PBXVariantGroup;
			children = (
				08C5A1F220A096520040A2A9 /* Base */,
			);
			name = LaunchScreen.storyboard;
			sourceTree = "<group>";
		};
/* End PBXVariantGroup section */

/* Begin XCBuildConfiguration section */
		08C5A1F520A096520040A2A9 /* Debug */ = {
			isa = XCBuildConfiguration;
			buildSettings = {
				ALWAYS_SEARCH_USER_PATHS = NO;
				CLANG_ANALYZER_NONNULL = YES;
				CLANG_ANALYZER_NUMBER_OBJECT_CONVERSION = YES_AGGRESSIVE;
				CLANG_CXX_LANGUAGE_STANDARD = "gnu++14";
				CLANG_CXX_LIBRARY = "libc++";
				CLANG_ENABLE_MODULES = YES;
				CLANG_ENABLE_OBJC_ARC = YES;
				CLANG_ENABLE_OBJC_WEAK = YES;
				CLANG_WARN_BLOCK_CAPTURE_AUTORELEASING = YES;
				CLANG_WARN_BOOL_CONVERSION = YES;
				CLANG_WARN_COMMA = YES;
				CLANG_WARN_CONSTANT_CONVERSION = YES;
				CLANG_WARN_DEPRECATED_OBJC_IMPLEMENTATIONS = YES;
				CLANG_WARN_DIRECT_OBJC_ISA_USAGE = YES_ERROR;
				CLANG_WARN_DOCUMENTATION_COMMENTS = YES;
				CLANG_WARN_EMPTY_BODY = YES;
				CLANG_WARN_ENUM_CONVERSION = YES;
				CLANG_WARN_INFINITE_RECURSION = YES;
				CLANG_WARN_INT_CONVERSION = YES;
				CLANG_WARN_NON_LITERAL_NULL_CONVERSION = YES;
				CLANG_WARN_OBJC_IMPLICIT_RETAIN_SELF = YES;
				CLANG_WARN_OBJC_LITERAL_CONVERSION = YES;
				CLANG_WARN_OBJC_ROOT_CLASS = YES_ERROR;
				CLANG_WARN_RANGE_LOOP_ANALYSIS = YES;
				CLANG_WARN_STRICT_PROTOTYPES = YES;
				CLANG_WARN_SUSPICIOUS_MOVE = YES;
				CLANG_WARN_UNGUARDED_AVAILABILITY = YES_AGGRESSIVE;
				CLANG_WARN_UNREACHABLE_CODE = YES;
				CLANG_WARN__DUPLICATE_METHOD_MATCH = YES;
				CODE_SIGN_IDENTITY = "iPhone Developer";
				COPY_PHASE_STRIP = NO;
				DEBUG_INFORMATION_FORMAT = dwarf;
				ENABLE_STRICT_OBJC_MSGSEND = YES;
				ENABLE_TESTABILITY = YES;
				GCC_C_LANGUAGE_STANDARD = gnu11;
				GCC_DYNAMIC_NO_PIC = NO;
				GCC_NO_COMMON_BLOCKS = YES;
				GCC_OPTIMIZATION_LEVEL = 0;
				GCC_PREPROCESSOR_DEFINITIONS = (
					"DEBUG=1",
					"$(inherited)",
				);
				GCC_WARN_64_TO_32_BIT_CONVERSION = YES;
				GCC_WARN_ABOUT_RETURN_TYPE = YES_ERROR;
				GCC_WARN_UNDECLARED_SELECTOR = YES;
				GCC_WARN_UNINITIALIZED_AUTOS = YES_AGGRESSIVE;
				GCC_WARN_UNUSED_FUNCTION = YES;
				GCC_WARN_UNUSED_VARIABLE = YES;
				IPHONEOS_DEPLOYMENT_TARGET = 11.3;
				MTL_ENABLE_DEBUG_INFO = YES;
				ONLY_ACTIVE_ARCH = YES;
				SDKROOT = iphoneos;
				SWIFT_ACTIVE_COMPILATION_CONDITIONS = DEBUG;
				SWIFT_OPTIMIZATION_LEVEL = "-Onone";
			};
			name = Debug;
		};
		08C5A1F620A096520040A2A9 /* Release */ = {
			isa = XCBuildConfiguration;
			buildSettings = {
				ALWAYS_SEARCH_USER_PATHS = NO;
				CLANG_ANALYZER_NONNULL = YES;
				CLANG_ANALYZER_NUMBER_OBJECT_CONVERSION = YES_AGGRESSIVE;
				CLANG_CXX_LANGUAGE_STANDARD = "gnu++14";
				CLANG_CXX_LIBRARY = "libc++";
				CLANG_ENABLE_MODULES = YES;
				CLANG_ENABLE_OBJC_ARC = YES;
				CLANG_ENABLE_OBJC_WEAK = YES;
				CLANG_WARN_BLOCK_CAPTURE_AUTORELEASING = YES;
				CLANG_WARN_BOOL_CONVERSION = YES;
				CLANG_WARN_COMMA = YES;
				CLANG_WARN_CONSTANT_CONVERSION = YES;
				CLANG_WARN_DEPRECATED_OBJC_IMPLEMENTATIONS = YES;
				CLANG_WARN_DIRECT_OBJC_ISA_USAGE = YES_ERROR;
				CLANG_WARN_DOCUMENTATION_COMMENTS = YES;
				CLANG_WARN_EMPTY_BODY = YES;
				CLANG_WARN_ENUM_CONVERSION = YES;
				CLANG_WARN_INFINITE_RECURSION = YES;
				CLANG_WARN_INT_CONVERSION = YES;
				CLANG_WARN_NON_LITERAL_NULL_CONVERSION = YES;
				CLANG_WARN_OBJC_IMPLICIT_RETAIN_SELF = YES;
				CLANG_WARN_OBJC_LITERAL_CONVERSION = YES;
				CLANG_WARN_OBJC_ROOT_CLASS = YES_ERROR;
				CLANG_WARN_RANGE_LOOP_ANALYSIS = YES;
				CLANG_WARN_STRICT_PROTOTYPES = YES;
				CLANG_WARN_SUSPICIOUS_MOVE = YES;
				CLANG_WARN_UNGUARDED_AVAILABILITY = YES_AGGRESSIVE;
				CLANG_WARN_UNREACHABLE_CODE = YES;
				CLANG_WARN__DUPLICATE_METHOD_MATCH = YES;
				CODE_SIGN_IDENTITY = "iPhone Developer";
				COPY_PHASE_STRIP = NO;
				DEBUG_INFORMATION_FORMAT = "dwarf-with-dsym";
				ENABLE_NS_ASSERTIONS = NO;
				ENABLE_STRICT_OBJC_MSGSEND = YES;
				GCC_C_LANGUAGE_STANDARD = gnu11;
				GCC_NO_COMMON_BLOCKS = YES;
				GCC_WARN_64_TO_32_BIT_CONVERSION = YES;
				GCC_WARN_ABOUT_RETURN_TYPE = YES_ERROR;
				GCC_WARN_UNDECLARED_SELECTOR = YES;
				GCC_WARN_UNINITIALIZED_AUTOS = YES_AGGRESSIVE;
				GCC_WARN_UNUSED_FUNCTION = YES;
				GCC_WARN_UNUSED_VARIABLE = YES;
				IPHONEOS_DEPLOYMENT_TARGET = 11.3;
				MTL_ENABLE_DEBUG_INFO = NO;
				SDKROOT = iphoneos;
				SWIFT_COMPILATION_MODE = wholemodule;
				SWIFT_OPTIMIZATION_LEVEL = "-O";
				VALIDATE_PRODUCT = YES;
			};
			name = Release;
		};
		08C5A1F820A096520040A2A9 /* Debug */ = {
			isa = XCBuildConfiguration;
			baseConfigurationReference = 80A6E811AC26834CD3C4F7CD /* Pods-CameraVideo.debug.xcconfig */;
			buildSettings = {
				ASSETCATALOG_COMPILER_APPICON_NAME = AppIcon;
				CODE_SIGN_STYLE = Automatic;
				DEVELOPMENT_TEAM = E4PA39JM22;
				INFOPLIST_FILE = CameraVideo/Info.plist;
				IPHONEOS_DEPLOYMENT_TARGET = 10.3;
				LD_RUNPATH_SEARCH_PATHS = (
					"$(inherited)",
					"@executable_path/Frameworks",
				);
				PRODUCT_BUNDLE_IDENTIFIER = uk.moe.uddin.video.CameraVideo;
				PRODUCT_NAME = "$(TARGET_NAME)";
				SWIFT_VERSION = 4.0;
				TARGETED_DEVICE_FAMILY = "1,2";
			};
			name = Debug;
		};
		08C5A1F920A096520040A2A9 /* Release */ = {
			isa = XCBuildConfiguration;
			baseConfigurationReference = 21963C7B08525C6C8DA1A56B /* Pods-CameraVideo.release.xcconfig */;
			buildSettings = {
				ASSETCATALOG_COMPILER_APPICON_NAME = AppIcon;
				CODE_SIGN_STYLE = Automatic;
				DEVELOPMENT_TEAM = E4PA39JM22;
				INFOPLIST_FILE = CameraVideo/Info.plist;
				IPHONEOS_DEPLOYMENT_TARGET = 10.3;
				LD_RUNPATH_SEARCH_PATHS = (
					"$(inherited)",
					"@executable_path/Frameworks",
				);
				PRODUCT_BUNDLE_IDENTIFIER = uk.moe.uddin.video.CameraVideo;
				PRODUCT_NAME = "$(TARGET_NAME)";
				SWIFT_VERSION = 4.0;
				TARGETED_DEVICE_FAMILY = "1,2";
			};
			name = Release;
		};
/* End XCBuildConfiguration section */

/* Begin XCConfigurationList section */
		08C5A1E020A096500040A2A9 /* Build configuration list for PBXProject "CameraVideo" */ = {
			isa = XCConfigurationList;
			buildConfigurations = (
				08C5A1F520A096520040A2A9 /* Debug */,
				08C5A1F620A096520040A2A9 /* Release */,
			);
			defaultConfigurationIsVisible = 0;
			defaultConfigurationName = Release;
		};
		08C5A1F720A096520040A2A9 /* Build configuration list for PBXNativeTarget "CameraVideo" */ = {
			isa = XCConfigurationList;
			buildConfigurations = (
				08C5A1F820A096520040A2A9 /* Debug */,
				08C5A1F920A096520040A2A9 /* Release */,
			);
			defaultConfigurationIsVisible = 0;
			defaultConfigurationName = Release;
		};
/* End XCConfigurationList section */
	};
	rootObject = 08C5A1DD20A096500040A2A9 /* Project object */;
}
